
Microsoft Visual Studio Solution File, Format Version 12.00
# Visual Studio Version 17
VisualStudioVersion = 17.11.35222.181
MinimumVisualStudioVersion = 10.0.40219.1
Project("{FAE04EC0-301F-11D3-BF4B-00C04F79EFBC}") = "Turism", "Turism\Turism.csproj", "{C4474241-BC36-4C03-B23D-16BD9E6618DB}"
EndProject
Global
	GlobalSection(SolutionConfigurationPlatforms) = preSolution
		Debug|Any CPU = Debug|Any CPU
		Release|Any CPU = Release|Any CPU
	EndGlobalSection
	GlobalSection(ProjectConfigurationPlatforms) = postSolution
		{C4474241-BC36-4C03-B23D-16BD9E6618DB}.Debug|Any CPU.ActiveCfg = Debug|Any CPU
		{C4474241-BC36-4C03-B23D-16BD9E6618DB}.Debug|Any CPU.Build.0 = Debug|Any CPU
		{C4474241-BC36-4C03-B23D-16BD9E6618DB}.Release|Any CPU.ActiveCfg = Release|Any CPU
		{C4474241-BC36-4C03-B23D-16BD9E6618DB}.Release|Any CPU.Build.0 = Release|Any CPU
	EndGlobalSection
	GlobalSection(SolutionProperties) = preSolution
		HideSolutionNode = FALSE
	EndGlobalSection
	GlobalSection(ExtensibilityGlobals) = postSolution
		SolutionGuid = {0F543BB1-71C6-488F-8AEF-AC54DB86B695}
	EndGlobalSection
EndGlobal
